// !$*UTF8*$!
{
	archiveVersion = 1;
	classes = {
	};
	objectVersion = 56;
	objects = {

/* Begin PBXBuildFile section */
		C3441EC32B4F358A007732EA /* Binding.swift in Sources */ = {isa = PBXBuildFile; fileRef = C3441EC22B4F358A007732EA /* Binding.swift */; };
		C36221D92B4D95C200BF7A9A /* NavigationApp.swift in Sources */ = {isa = PBXBuildFile; fileRef = C36221D82B4D95C200BF7A9A /* NavigationApp.swift */; };
		C36221DB2B4D95C200BF7A9A /* ContentView.swift in Sources */ = {isa = PBXBuildFile; fileRef = C36221DA2B4D95C200BF7A9A /* ContentView.swift */; };
		C36221DD2B4D95C400BF7A9A /* Assets.xcassets in Resources */ = {isa = PBXBuildFile; fileRef = C36221DC2B4D95C400BF7A9A /* Assets.xcassets */; };
		C36221E02B4D95C400BF7A9A /* Preview Assets.xcassets in Resources */ = {isa = PBXBuildFile; fileRef = C36221DF2B4D95C400BF7A9A /* Preview Assets.xcassets */; };
		C385FE582B4EF0D2005E58FB /* SheetContentWrapper.swift in Sources */ = {isa = PBXBuildFile; fileRef = C385FE572B4EF0D2005E58FB /* SheetContentWrapper.swift */; };
		C3A7C8CA2B4EB9D500D3AA78 /* TabCoordinator.swift in Sources */ = {isa = PBXBuildFile; fileRef = C3A7C8C92B4EB9D500D3AA78 /* TabCoordinator.swift */; };
		C3A7C8CC2B4EC0D500D3AA78 /* NavigationRouter.swift in Sources */ = {isa = PBXBuildFile; fileRef = C3A7C8CB2B4EC0D500D3AA78 /* NavigationRouter.swift */; };
		C3A7C8CE2B4EC0F400D3AA78 /* Routable.swift in Sources */ = {isa = PBXBuildFile; fileRef = C3A7C8CD2B4EC0F400D3AA78 /* Routable.swift */; };
		C3A7C8D02B4EC11C00D3AA78 /* ProfileViewNavigationRouter.swift in Sources */ = {isa = PBXBuildFile; fileRef = C3A7C8CF2B4EC11C00D3AA78 /* ProfileViewNavigationRouter.swift */; };
		C3A7C8D42B4EC64D00D3AA78 /* View.swift in Sources */ = {isa = PBXBuildFile; fileRef = C3A7C8D32B4EC64D00D3AA78 /* View.swift */; };
		C3A7C8D72B4EC6D800D3AA78 /* MainTab.swift in Sources */ = {isa = PBXBuildFile; fileRef = C3A7C8D62B4EC6D800D3AA78 /* MainTab.swift */; };
		C3A7C8DB2B4EC76100D3AA78 /* SheetRoutable.swift in Sources */ = {isa = PBXBuildFile; fileRef = C3A7C8DA2B4EC76100D3AA78 /* SheetRoutable.swift */; };
		C3A7C8DD2B4EC77D00D3AA78 /* SheetCoordinator.swift in Sources */ = {isa = PBXBuildFile; fileRef = C3A7C8DC2B4EC77D00D3AA78 /* SheetCoordinator.swift */; };
		C3A7C8E42B4ECA1000D3AA78 /* HomeView.swift in Sources */ = {isa = PBXBuildFile; fileRef = C3A7C8E32B4ECA1000D3AA78 /* HomeView.swift */; };
		C3A7C8E62B4ECA2B00D3AA78 /* TicketsView.swift in Sources */ = {isa = PBXBuildFile; fileRef = C3A7C8E52B4ECA2B00D3AA78 /* TicketsView.swift */; };
		C3A7C8E82B4ECA3D00D3AA78 /* PaymentsView.swift in Sources */ = {isa = PBXBuildFile; fileRef = C3A7C8E72B4ECA3D00D3AA78 /* PaymentsView.swift */; };
		C3A7C8EA2B4ECA5100D3AA78 /* ExploreView.swift in Sources */ = {isa = PBXBuildFile; fileRef = C3A7C8E92B4ECA5100D3AA78 /* ExploreView.swift */; };
		C3A7C8EC2B4ECA6500D3AA78 /* ProfileView.swift in Sources */ = {isa = PBXBuildFile; fileRef = C3A7C8EB2B4ECA6500D3AA78 /* ProfileView.swift */; };
		C3A7C8F22B4ED57800D3AA78 /* UINavigationController.swift in Sources */ = {isa = PBXBuildFile; fileRef = C3A7C8F12B4ED57800D3AA78 /* UINavigationController.swift */; };
		C3B300BB2B595EED0036550E /* GlobalSheetCoordinator.swift in Sources */ = {isa = PBXBuildFile; fileRef = C3B300BA2B595EED0036550E /* GlobalSheetCoordinator.swift */; };
/* End PBXBuildFile section */

/* Begin PBXFileReference section */
		C3441EC22B4F358A007732EA /* Binding.swift */ = {isa = PBXFileReference; lastKnownFileType = sourcecode.swift; path = Binding.swift; sourceTree = "<group>"; };
		C36221D52B4D95C200BF7A9A /* Navigation.app */ = {isa = PBXFileReference; explicitFileType = wrapper.application; includeInIndex = 0; path = Navigation.app; sourceTree = BUILT_PRODUCTS_DIR; };
		C36221D82B4D95C200BF7A9A /* NavigationApp.swift */ = {isa = PBXFileReference; lastKnownFileType = sourcecode.swift; path = NavigationApp.swift; sourceTree = "<group>"; };
		C36221DA2B4D95C200BF7A9A /* ContentView.swift */ = {isa = PBXFileReference; lastKnownFileType = sourcecode.swift; path = ContentView.swift; sourceTree = "<group>"; };
		C36221DC2B4D95C400BF7A9A /* Assets.xcassets */ = {isa = PBXFileReference; lastKnownFileType = folder.assetcatalog; path = Assets.xcassets; sourceTree = "<group>"; };
		C36221DF2B4D95C400BF7A9A /* Preview Assets.xcassets */ = {isa = PBXFileReference; lastKnownFileType = folder.assetcatalog; path = "Preview Assets.xcassets"; sourceTree = "<group>"; };
		C385FE572B4EF0D2005E58FB /* SheetContentWrapper.swift */ = {isa = PBXFileReference; lastKnownFileType = sourcecode.swift; path = SheetContentWrapper.swift; sourceTree = "<group>"; };
		C3A7C8C92B4EB9D500D3AA78 /* TabCoordinator.swift */ = {isa = PBXFileReference; lastKnownFileType = sourcecode.swift; path = TabCoordinator.swift; sourceTree = "<group>"; };
		C3A7C8CB2B4EC0D500D3AA78 /* NavigationRouter.swift */ = {isa = PBXFileReference; lastKnownFileType = sourcecode.swift; path = NavigationRouter.swift; sourceTree = "<group>"; };
		C3A7C8CD2B4EC0F400D3AA78 /* Routable.swift */ = {isa = PBXFileReference; lastKnownFileType = sourcecode.swift; path = Routable.swift; sourceTree = "<group>"; };
		C3A7C8CF2B4EC11C00D3AA78 /* ProfileViewNavigationRouter.swift */ = {isa = PBXFileReference; lastKnownFileType = sourcecode.swift; path = ProfileViewNavigationRouter.swift; sourceTree = "<group>"; };
		C3A7C8D32B4EC64D00D3AA78 /* View.swift */ = {isa = PBXFileReference; lastKnownFileType = sourcecode.swift; path = View.swift; sourceTree = "<group>"; };
		C3A7C8D62B4EC6D800D3AA78 /* MainTab.swift */ = {isa = PBXFileReference; lastKnownFileType = sourcecode.swift; path = MainTab.swift; sourceTree = "<group>"; };
		C3A7C8DA2B4EC76100D3AA78 /* SheetRoutable.swift */ = {isa = PBXFileReference; lastKnownFileType = sourcecode.swift; path = SheetRoutable.swift; sourceTree = "<group>"; };
		C3A7C8DC2B4EC77D00D3AA78 /* SheetCoordinator.swift */ = {isa = PBXFileReference; lastKnownFileType = sourcecode.swift; path = SheetCoordinator.swift; sourceTree = "<group>"; };
		C3A7C8E32B4ECA1000D3AA78 /* HomeView.swift */ = {isa = PBXFileReference; lastKnownFileType = sourcecode.swift; path = HomeView.swift; sourceTree = "<group>"; };
		C3A7C8E52B4ECA2B00D3AA78 /* TicketsView.swift */ = {isa = PBXFileReference; lastKnownFileType = sourcecode.swift; path = TicketsView.swift; sourceTree = "<group>"; };
		C3A7C8E72B4ECA3D00D3AA78 /* PaymentsView.swift */ = {isa = PBXFileReference; lastKnownFileType = sourcecode.swift; path = PaymentsView.swift; sourceTree = "<group>"; };
		C3A7C8E92B4ECA5100D3AA78 /* ExploreView.swift */ = {isa = PBXFileReference; lastKnownFileType = sourcecode.swift; path = ExploreView.swift; sourceTree = "<group>"; };
		C3A7C8EB2B4ECA6500D3AA78 /* ProfileView.swift */ = {isa = PBXFileReference; lastKnownFileType = sourcecode.swift; path = ProfileView.swift; sourceTree = "<group>"; };
		C3A7C8F12B4ED57800D3AA78 /* UINavigationController.swift */ = {isa = PBXFileReference; lastKnownFileType = sourcecode.swift; path = UINavigationController.swift; sourceTree = "<group>"; };
		C3B300BA2B595EED0036550E /* GlobalSheetCoordinator.swift */ = {isa = PBXFileReference; lastKnownFileType = sourcecode.swift; path = GlobalSheetCoordinator.swift; sourceTree = "<group>"; };
/* End PBXFileReference section */

/* Begin PBXFrameworksBuildPhase section */
		C36221D22B4D95C200BF7A9A /* Frameworks */ = {
			isa = PBXFrameworksBuildPhase;
			buildActionMask = 2147483647;
			files = (
			);
			runOnlyForDeploymentPostprocessing = 0;
		};
/* End PBXFrameworksBuildPhase section */

/* Begin PBXGroup section */
		C36221CC2B4D95C100BF7A9A = {
			isa = PBXGroup;
			children = (
				C36221D72B4D95C200BF7A9A /* Navigation */,
				C36221D62B4D95C200BF7A9A /* Products */,
			);
			sourceTree = "<group>";
		};
		C36221D62B4D95C200BF7A9A /* Products */ = {
			isa = PBXGroup;
			children = (
				C36221D52B4D95C200BF7A9A /* Navigation.app */,
			);
			name = Products;
			sourceTree = "<group>";
		};
		C36221D72B4D95C200BF7A9A /* Navigation */ = {
			isa = PBXGroup;
			children = (
				C3A7C8E02B4EC9D100D3AA78 /* View */,
				C3A7C8DE2B4EC7C900D3AA78 /* Navigation */,
				C3A7C8D92B4EC75200D3AA78 /* Sheet */,
				C3A7C8D82B4EC70A00D3AA78 /* Extension */,
				C36221D82B4D95C200BF7A9A /* NavigationApp.swift */,
				C36221DC2B4D95C400BF7A9A /* Assets.xcassets */,
				C36221DE2B4D95C400BF7A9A /* Preview Content */,
			);
			path = Navigation;
			sourceTree = "<group>";
		};
		C36221DE2B4D95C400BF7A9A /* Preview Content */ = {
			isa = PBXGroup;
			children = (
				C36221DF2B4D95C400BF7A9A /* Preview Assets.xcassets */,
			);
			path = "Preview Content";
			sourceTree = "<group>";
		};
		C3A7C8D82B4EC70A00D3AA78 /* Extension */ = {
			isa = PBXGroup;
			children = (
				C3A7C8D32B4EC64D00D3AA78 /* View.swift */,
				C3A7C8F12B4ED57800D3AA78 /* UINavigationController.swift */,
				C3441EC22B4F358A007732EA /* Binding.swift */,
			);
			path = Extension;
			sourceTree = "<group>";
		};
		C3A7C8D92B4EC75200D3AA78 /* Sheet */ = {
			isa = PBXGroup;
			children = (
				C3A7C8DA2B4EC76100D3AA78 /* SheetRoutable.swift */,
				C3A7C8DC2B4EC77D00D3AA78 /* SheetCoordinator.swift */,
				C385FE572B4EF0D2005E58FB /* SheetContentWrapper.swift */,
			);
			path = Sheet;
			sourceTree = "<group>";
		};
		C3A7C8DE2B4EC7C900D3AA78 /* Navigation */ = {
			isa = PBXGroup;
			children = (
				C3A7C8DF2B4EC7E400D3AA78 /* Profile */,
				C3A7C8CD2B4EC0F400D3AA78 /* Routable.swift */,
				C3A7C8CB2B4EC0D500D3AA78 /* NavigationRouter.swift */,
				C3B300BA2B595EED0036550E /* GlobalSheetCoordinator.swift */,
			);
			path = Navigation;
			sourceTree = "<group>";
		};
		C3A7C8DF2B4EC7E400D3AA78 /* Profile */ = {
			isa = PBXGroup;
			children = (
				C3A7C8CF2B4EC11C00D3AA78 /* ProfileViewNavigationRouter.swift */,
			);
			path = Profile;
			sourceTree = "<group>";
		};
		C3A7C8E02B4EC9D100D3AA78 /* View */ = {
			isa = PBXGroup;
			children = (
				C3A7C8E22B4ECA0700D3AA78 /* Tabs */,
				C36221DA2B4D95C200BF7A9A /* ContentView.swift */,
			);
			path = View;
			sourceTree = "<group>";
		};
		C3A7C8E22B4ECA0700D3AA78 /* Tabs */ = {
			isa = PBXGroup;
			children = (
				C3A7C8E32B4ECA1000D3AA78 /* HomeView.swift */,
				C3A7C8E52B4ECA2B00D3AA78 /* TicketsView.swift */,
				C3A7C8E72B4ECA3D00D3AA78 /* PaymentsView.swift */,
				C3A7C8E92B4ECA5100D3AA78 /* ExploreView.swift */,
				C3A7C8EB2B4ECA6500D3AA78 /* ProfileView.swift */,
				C3A7C8C92B4EB9D500D3AA78 /* TabCoordinator.swift */,
				C3A7C8D62B4EC6D800D3AA78 /* MainTab.swift */,
			);
			path = Tabs;
			sourceTree = "<group>";
		};
/* End PBXGroup section */

/* Begin PBXNativeTarget section */
		C36221D42B4D95C200BF7A9A /* Navigation */ = {
			isa = PBXNativeTarget;
			buildConfigurationList = C36221E32B4D95C400BF7A9A /* Build configuration list for PBXNativeTarget "Navigation" */;
			buildPhases = (
				C36221D12B4D95C200BF7A9A /* Sources */,
				C36221D22B4D95C200BF7A9A /* Frameworks */,
				C36221D32B4D95C200BF7A9A /* Resources */,
			);
			buildRules = (
			);
			dependencies = (
			);
			name = Navigation;
			productName = Navigation;
			productReference = C36221D52B4D95C200BF7A9A /* Navigation.app */;
			productType = "com.apple.product-type.application";
		};
/* End PBXNativeTarget section */

/* Begin PBXProject section */
		C36221CD2B4D95C200BF7A9A /* Project object */ = {
			isa = PBXProject;
			attributes = {
				BuildIndependentTargetsInParallel = 1;
				LastSwiftUpdateCheck = 1510;
				LastUpgradeCheck = 1510;
				TargetAttributes = {
					C36221D42B4D95C200BF7A9A = {
						CreatedOnToolsVersion = 15.1;
					};
				};
			};
			buildConfigurationList = C36221D02B4D95C200BF7A9A /* Build configuration list for PBXProject "Navigation" */;
			compatibilityVersion = "Xcode 14.0";
			developmentRegion = en;
			hasScannedForEncodings = 0;
			knownRegions = (
				en,
				Base,
			);
			mainGroup = C36221CC2B4D95C100BF7A9A;
			productRefGroup = C36221D62B4D95C200BF7A9A /* Products */;
			projectDirPath = "";
			projectRoot = "";
			targets = (
				C36221D42B4D95C200BF7A9A /* Navigation */,
			);
		};
/* End PBXProject section */

/* Begin PBXResourcesBuildPhase section */
		C36221D32B4D95C200BF7A9A /* Resources */ = {
			isa = PBXResourcesBuildPhase;
			buildActionMask = 2147483647;
			files = (
				C36221E02B4D95C400BF7A9A /* Preview Assets.xcassets in Resources */,
				C36221DD2B4D95C400BF7A9A /* Assets.xcassets in Resources */,
			);
			runOnlyForDeploymentPostprocessing = 0;
		};
/* End PBXResourcesBuildPhase section */

/* Begin PBXSourcesBuildPhase section */
		C36221D12B4D95C200BF7A9A /* Sources */ = {
			isa = PBXSourcesBuildPhase;
			buildActionMask = 2147483647;
			files = (
				C3A7C8D42B4EC64D00D3AA78 /* View.swift in Sources */,
				C3A7C8CE2B4EC0F400D3AA78 /* Routable.swift in Sources */,
				C36221DB2B4D95C200BF7A9A /* ContentView.swift in Sources */,
				C3A7C8EA2B4ECA5100D3AA78 /* ExploreView.swift in Sources */,
				C3A7C8D02B4EC11C00D3AA78 /* ProfileViewNavigationRouter.swift in Sources */,
				C3A7C8CC2B4EC0D500D3AA78 /* NavigationRouter.swift in Sources */,
				C3A7C8DD2B4EC77D00D3AA78 /* SheetCoordinator.swift in Sources */,
				C3A7C8EC2B4ECA6500D3AA78 /* ProfileView.swift in Sources */,
				C3A7C8CA2B4EB9D500D3AA78 /* TabCoordinator.swift in Sources */,
				C36221D92B4D95C200BF7A9A /* NavigationApp.swift in Sources */,
				C3A7C8E42B4ECA1000D3AA78 /* HomeView.swift in Sources */,
				C3A7C8E62B4ECA2B00D3AA78 /* TicketsView.swift in Sources */,
				C3A7C8DB2B4EC76100D3AA78 /* SheetRoutable.swift in Sources */,
				C3441EC32B4F358A007732EA /* Binding.swift in Sources */,
				C3A7C8D72B4EC6D800D3AA78 /* MainTab.swift in Sources */,
				C3B300BB2B595EED0036550E /* GlobalSheetCoordinator.swift in Sources */,
				C3A7C8E82B4ECA3D00D3AA78 /* PaymentsView.swift in Sources */,
				C385FE582B4EF0D2005E58FB /* SheetContentWrapper.swift in Sources */,
				C3A7C8F22B4ED57800D3AA78 /* UINavigationController.swift in Sources */,
			);
			runOnlyForDeploymentPostprocessing = 0;
		};
/* End PBXSourcesBuildPhase section */

/* Begin XCBuildConfiguration section */
		C36221E12B4D95C400BF7A9A /* Debug */ = {
			isa = XCBuildConfiguration;
			buildSettings = {
				ALWAYS_SEARCH_USER_PATHS = NO;
				ASSETCATALOG_COMPILER_GENERATE_SWIFT_ASSET_SYMBOL_EXTENSIONS = YES;
				CLANG_ANALYZER_NONNULL = YES;
				CLANG_ANALYZER_NUMBER_OBJECT_CONVERSION = YES_AGGRESSIVE;
				CLANG_CXX_LANGUAGE_STANDARD = "gnu++20";
				CLANG_ENABLE_MODULES = YES;
				CLANG_ENABLE_OBJC_ARC = YES;
				CLANG_ENABLE_OBJC_WEAK = YES;
				CLANG_WARN_BLOCK_CAPTURE_AUTORELEASING = YES;
				CLANG_WARN_BOOL_CONVERSION = YES;
				CLANG_WARN_COMMA = YES;
				CLANG_WARN_CONSTANT_CONVERSION = YES;
				CLANG_WARN_DEPRECATED_OBJC_IMPLEMENTATIONS = YES;
				CLANG_WARN_DIRECT_OBJC_ISA_USAGE = YES_ERROR;
				CLANG_WARN_DOCUMENTATION_COMMENTS = YES;
				CLANG_WARN_EMPTY_BODY = YES;
				CLANG_WARN_ENUM_CONVERSION = YES;
				CLANG_WARN_INFINITE_RECURSION = YES;
				CLANG_WARN_INT_CONVERSION = YES;
				CLANG_WARN_NON_LITERAL_NULL_CONVERSION = YES;
				CLANG_WARN_OBJC_IMPLICIT_RETAIN_SELF = YES;
				CLANG_WARN_OBJC_LITERAL_CONVERSION = YES;
				CLANG_WARN_OBJC_ROOT_CLASS = YES_ERROR;
				CLANG_WARN_QUOTED_INCLUDE_IN_FRAMEWORK_HEADER = YES;
				CLANG_WARN_RANGE_LOOP_ANALYSIS = YES;
				CLANG_WARN_STRICT_PROTOTYPES = YES;
				CLANG_WARN_SUSPICIOUS_MOVE = YES;
				CLANG_WARN_UNGUARDED_AVAILABILITY = YES_AGGRESSIVE;
				CLANG_WARN_UNREACHABLE_CODE = YES;
				CLANG_WARN__DUPLICATE_METHOD_MATCH = YES;
				COPY_PHASE_STRIP = NO;
				DEBUG_INFORMATION_FORMAT = dwarf;
				ENABLE_STRICT_OBJC_MSGSEND = YES;
				ENABLE_TESTABILITY = YES;
				ENABLE_USER_SCRIPT_SANDBOXING = YES;
				GCC_C_LANGUAGE_STANDARD = gnu17;
				GCC_DYNAMIC_NO_PIC = NO;
				GCC_NO_COMMON_BLOCKS = YES;
				GCC_OPTIMIZATION_LEVEL = 0;
				GCC_PREPROCESSOR_DEFINITIONS = (
					"DEBUG=1",
					"$(inherited)",
				);
				GCC_WARN_64_TO_32_BIT_CONVERSION = YES;
				GCC_WARN_ABOUT_RETURN_TYPE = YES_ERROR;
				GCC_WARN_UNDECLARED_SELECTOR = YES;
				GCC_WARN_UNINITIALIZED_AUTOS = YES_AGGRESSIVE;
				GCC_WARN_UNUSED_FUNCTION = YES;
				GCC_WARN_UNUSED_VARIABLE = YES;
				IPHONEOS_DEPLOYMENT_TARGET = 17.2;
				LOCALIZATION_PREFERS_STRING_CATALOGS = YES;
				MTL_ENABLE_DEBUG_INFO = INCLUDE_SOURCE;
				MTL_FAST_MATH = YES;
				ONLY_ACTIVE_ARCH = YES;
				SDKROOT = iphoneos;
				SWIFT_ACTIVE_COMPILATION_CONDITIONS = "DEBUG $(inherited)";
				SWIFT_OPTIMIZATION_LEVEL = "-Onone";
			};
			name = Debug;
		};
		C36221E22B4D95C400BF7A9A /* Release */ = {
			isa = XCBuildConfiguration;
			buildSettings = {
				ALWAYS_SEARCH_USER_PATHS = NO;
				ASSETCATALOG_COMPILER_GENERATE_SWIFT_ASSET_SYMBOL_EXTENSIONS = YES;
				CLANG_ANALYZER_NONNULL = YES;
				CLANG_ANALYZER_NUMBER_OBJECT_CONVERSION = YES_AGGRESSIVE;
				CLANG_CXX_LANGUAGE_STANDARD = "gnu++20";
				CLANG_ENABLE_MODULES = YES;
				CLANG_ENABLE_OBJC_ARC = YES;
				CLANG_ENABLE_OBJC_WEAK = YES;
				CLANG_WARN_BLOCK_CAPTURE_AUTORELEASING = YES;
				CLANG_WARN_BOOL_CONVERSION = YES;
				CLANG_WARN_COMMA = YES;
				CLANG_WARN_CONSTANT_CONVERSION = YES;
				CLANG_WARN_DEPRECATED_OBJC_IMPLEMENTATIONS = YES;
				CLANG_WARN_DIRECT_OBJC_ISA_USAGE = YES_ERROR;
				CLANG_WARN_DOCUMENTATION_COMMENTS = YES;
				CLANG_WARN_EMPTY_BODY = YES;
				CLANG_WARN_ENUM_CONVERSION = YES;
				CLANG_WARN_INFINITE_RECURSION = YES;
				CLANG_WARN_INT_CONVERSION = YES;
				CLANG_WARN_NON_LITERAL_NULL_CONVERSION = YES;
				CLANG_WARN_OBJC_IMPLICIT_RETAIN_SELF = YES;
				CLANG_WARN_OBJC_LITERAL_CONVERSION = YES;
				CLANG_WARN_OBJC_ROOT_CLASS = YES_ERROR;
				CLANG_WARN_QUOTED_INCLUDE_IN_FRAMEWORK_HEADER = YES;
				CLANG_WARN_RANGE_LOOP_ANALYSIS = YES;
				CLANG_WARN_STRICT_PROTOTYPES = YES;
				CLANG_WARN_SUSPICIOUS_MOVE = YES;
				CLANG_WARN_UNGUARDED_AVAILABILITY = YES_AGGRESSIVE;
				CLANG_WARN_UNREACHABLE_CODE = YES;
				CLANG_WARN__DUPLICATE_METHOD_MATCH = YES;
				COPY_PHASE_STRIP = NO;
				DEBUG_INFORMATION_FORMAT = "dwarf-with-dsym";
				ENABLE_NS_ASSERTIONS = NO;
				ENABLE_STRICT_OBJC_MSGSEND = YES;
				ENABLE_USER_SCRIPT_SANDBOXING = YES;
				GCC_C_LANGUAGE_STANDARD = gnu17;
				GCC_NO_COMMON_BLOCKS = YES;
				GCC_WARN_64_TO_32_BIT_CONVERSION = YES;
				GCC_WARN_ABOUT_RETURN_TYPE = YES_ERROR;
				GCC_WARN_UNDECLARED_SELECTOR = YES;
				GCC_WARN_UNINITIALIZED_AUTOS = YES_AGGRESSIVE;
				GCC_WARN_UNUSED_FUNCTION = YES;
				GCC_WARN_UNUSED_VARIABLE = YES;
				IPHONEOS_DEPLOYMENT_TARGET = 17.2;
				LOCALIZATION_PREFERS_STRING_CATALOGS = YES;
				MTL_ENABLE_DEBUG_INFO = NO;
				MTL_FAST_MATH = YES;
				SDKROOT = iphoneos;
				SWIFT_COMPILATION_MODE = wholemodule;
				VALIDATE_PRODUCT = YES;
			};
			name = Release;
		};
		C36221E42B4D95C400BF7A9A /* Debug */ = {
			isa = XCBuildConfiguration;
			buildSettings = {
				ASSETCATALOG_COMPILER_APPICON_NAME = AppIcon;
				ASSETCATALOG_COMPILER_GLOBAL_ACCENT_COLOR_NAME = AccentColor;
				CODE_SIGN_STYLE = Automatic;
				CURRENT_PROJECT_VERSION = 1;
				DEVELOPMENT_ASSET_PATHS = "\"Navigation/Preview Content\"";
				DEVELOPMENT_TEAM = F7XRTMXQP3;
				ENABLE_PREVIEWS = YES;
				GENERATE_INFOPLIST_FILE = YES;
				INFOPLIST_KEY_UIApplicationSceneManifest_Generation = YES;
				INFOPLIST_KEY_UIApplicationSupportsIndirectInputEvents = YES;
				INFOPLIST_KEY_UILaunchScreen_Generation = YES;
				INFOPLIST_KEY_UISupportedInterfaceOrientations_iPad = "UIInterfaceOrientationPortrait UIInterfaceOrientationPortraitUpsideDown UIInterfaceOrientationLandscapeLeft UIInterfaceOrientationLandscapeRight";
				INFOPLIST_KEY_UISupportedInterfaceOrientations_iPhone = "UIInterfaceOrientationPortrait UIInterfaceOrientationLandscapeLeft UIInterfaceOrientationLandscapeRight";
				IPHONEOS_DEPLOYMENT_TARGET = 16.0;
				LD_RUNPATH_SEARCH_PATHS = (
					"$(inherited)",
					"@executable_path/Frameworks",
				);
				MARKETING_VERSION = 1.0;
				PRODUCT_BUNDLE_IDENTIFIER = com.jj.Navigation;
				PRODUCT_NAME = "$(TARGET_NAME)";
				SWIFT_EMIT_LOC_STRINGS = YES;
				SWIFT_VERSION = 5.0;
				TARGETED_DEVICE_FAMILY = "1,2";
			};
			name = Debug;
		};
		C36221E52B4D95C400BF7A9A /* Release */ = {
			isa = XCBuildConfiguration;
			buildSettings = {
				ASSETCATALOG_COMPILER_APPICON_NAME = AppIcon;
				ASSETCATALOG_COMPILER_GLOBAL_ACCENT_COLOR_NAME = AccentColor;
				CODE_SIGN_STYLE = Automatic;
				CURRENT_PROJECT_VERSION = 1;
				DEVELOPMENT_ASSET_PATHS = "\"Navigation/Preview Content\"";
				DEVELOPMENT_TEAM = F7XRTMXQP3;
				ENABLE_PREVIEWS = YES;
				GENERATE_INFOPLIST_FILE = YES;
				INFOPLIST_KEY_UIApplicationSceneManifest_Generation = YES;
				INFOPLIST_KEY_UIApplicationSupportsIndirectInputEvents = YES;
				INFOPLIST_KEY_UILaunchScreen_Generation = YES;
				INFOPLIST_KEY_UISupportedInterfaceOrientations_iPad = "UIInterfaceOrientationPortrait UIInterfaceOrientationPortraitUpsideDown UIInterfaceOrientationLandscapeLeft UIInterfaceOrientationLandscapeRight";
				INFOPLIST_KEY_UISupportedInterfaceOrientations_iPhone = "UIInterfaceOrientationPortrait UIInterfaceOrientationLandscapeLeft UIInterfaceOrientationLandscapeRight";
				IPHONEOS_DEPLOYMENT_TARGET = 16.0;
				LD_RUNPATH_SEARCH_PATHS = (
					"$(inherited)",
					"@executable_path/Frameworks",
				);
				MARKETING_VERSION = 1.0;
				PRODUCT_BUNDLE_IDENTIFIER = com.jj.Navigation;
				PRODUCT_NAME = "$(TARGET_NAME)";
				SWIFT_EMIT_LOC_STRINGS = YES;
				SWIFT_VERSION = 5.0;
				TARGETED_DEVICE_FAMILY = "1,2";
			};
			name = Release;
		};
/* End XCBuildConfiguration section */

/* Begin XCConfigurationList section */
		C36221D02B4D95C200BF7A9A /* Build configuration list for PBXProject "Navigation" */ = {
			isa = XCConfigurationList;
			buildConfigurations = (
				C36221E12B4D95C400BF7A9A /* Debug */,
				C36221E22B4D95C400BF7A9A /* Release */,
			);
			defaultConfigurationIsVisible = 0;
			defaultConfigurationName = Release;
		};
		C36221E32B4D95C400BF7A9A /* Build configuration list for PBXNativeTarget "Navigation" */ = {
			isa = XCConfigurationList;
			buildConfigurations = (
				C36221E42B4D95C400BF7A9A /* Debug */,
				C36221E52B4D95C400BF7A9A /* Release */,
			);
			defaultConfigurationIsVisible = 0;
			defaultConfigurationName = Release;
		};
/* End XCConfigurationList section */
	};
	rootObject = C36221CD2B4D95C200BF7A9A /* Project object */;
}
